// !$*UTF8*$!
{
	archiveVersion = 1;
	classes = {
	};
	objectVersion = 50;
	objects = {

/* Begin PBXBuildFile section */
		9BD225A5223F62DA00B9C3FB /* AppDelegate.swift in Sources */ = {isa = PBXBuildFile; fileRef = 9BD225A4223F62DA00B9C3FB /* AppDelegate.swift */; };
		9BD225A7223F62DA00B9C3FB /* ViewController.swift in Sources */ = {isa = PBXBuildFile; fileRef = 9BD225A6223F62DA00B9C3FB /* ViewController.swift */; };
		9BD225AA223F62DA00B9C3FB /* Main.storyboard in Resources */ = {isa = PBXBuildFile; fileRef = 9BD225A8223F62DA00B9C3FB /* Main.storyboard */; };
		9BD225AD223F62DA00B9C3FB /* MeShuffleCard.xcdatamodeld in Sources */ = {isa = PBXBuildFile; fileRef = 9BD225AB223F62DA00B9C3FB /* MeShuffleCard.xcdatamodeld */; };
		9BD225AF223F62DD00B9C3FB /* Assets.xcassets in Resources */ = {isa = PBXBuildFile; fileRef = 9BD225AE223F62DD00B9C3FB /* Assets.xcassets */; };
		9BD225B2223F62DD00B9C3FB /* LaunchScreen.storyboard in Resources */ = {isa = PBXBuildFile; fileRef = 9BD225B0223F62DD00B9C3FB /* LaunchScreen.storyboard */; };
		9BD225BA223F76B900B9C3FB /* Card.swift in Sources */ = {isa = PBXBuildFile; fileRef = 9BD225B9223F76B900B9C3FB /* Card.swift */; };
		9BD225BC223F772900B9C3FB /* Concentration.swift in Sources */ = {isa = PBXBuildFile; fileRef = 9BD225BB223F772900B9C3FB /* Concentration.swift */; };
/* End PBXBuildFile section */

/* Begin PBXFileReference section */
		9BD225A1223F62DA00B9C3FB /* MeShuffleCard.app */ = {isa = PBXFileReference; explicitFileType = wrapper.application; includeInIndex = 0; path = MeShuffleCard.app; sourceTree = BUILT_PRODUCTS_DIR; };
		9BD225A4223F62DA00B9C3FB /* AppDelegate.swift */ = {isa = PBXFileReference; lastKnownFileType = sourcecode.swift; path = AppDelegate.swift; sourceTree = "<group>"; };
		9BD225A6223F62DA00B9C3FB /* ViewController.swift */ = {isa = PBXFileReference; lastKnownFileType = sourcecode.swift; path = ViewController.swift; sourceTree = "<group>"; };
		9BD225A9223F62DA00B9C3FB /* Base */ = {isa = PBXFileReference; lastKnownFileType = file.storyboard; name = Base; path = Base.lproj/Main.storyboard; sourceTree = "<group>"; };
		9BD225AC223F62DA00B9C3FB /* MeShuffleCard.xcdatamodel */ = {isa = PBXFileReference; lastKnownFileType = wrapper.xcdatamodel; path = MeShuffleCard.xcdatamodel; sourceTree = "<group>"; };
		9BD225AE223F62DD00B9C3FB /* Assets.xcassets */ = {isa = PBXFileReference; lastKnownFileType = folder.assetcatalog; path = Assets.xcassets; sourceTree = "<group>"; };
		9BD225B1223F62DD00B9C3FB /* Base */ = {isa = PBXFileReference; lastKnownFileType = file.storyboard; name = Base; path = Base.lproj/LaunchScreen.storyboard; sourceTree = "<group>"; };
		9BD225B3223F62DD00B9C3FB /* Info.plist */ = {isa = PBXFileReference; lastKnownFileType = text.plist.xml; path = Info.plist; sourceTree = "<group>"; };
		9BD225B9223F76B900B9C3FB /* Card.swift */ = {isa = PBXFileReference; lastKnownFileType = sourcecode.swift; path = Card.swift; sourceTree = "<group>"; };
		9BD225BB223F772900B9C3FB /* Concentration.swift */ = {isa = PBXFileReference; lastKnownFileType = sourcecode.swift; path = Concentration.swift; sourceTree = "<group>"; };
/* End PBXFileReference section */

/* Begin PBXFrameworksBuildPhase section */
		9BD2259E223F62DA00B9C3FB /* Frameworks */ = {
			isa = PBXFrameworksBuildPhase;
			buildActionMask = 2147483647;
			files = (
			);
			runOnlyForDeploymentPostprocessing = 0;
		};
/* End PBXFrameworksBuildPhase section */

/* Begin PBXGroup section */
		9BD22598223F62DA00B9C3FB = {
			isa = PBXGroup;
			children = (
				9BD225A3223F62DA00B9C3FB /* MeShuffleCard */,
				9BD225A2223F62DA00B9C3FB /* Products */,
			);
			sourceTree = "<group>";
		};
		9BD225A2223F62DA00B9C3FB /* Products */ = {
			isa = PBXGroup;
			children = (
				9BD225A1223F62DA00B9C3FB /* MeShuffleCard.app */,
			);
			name = Products;
			sourceTree = "<group>";
		};
		9BD225A3223F62DA00B9C3FB /* MeShuffleCard */ = {
			isa = PBXGroup;
			children = (
				9BD225A4223F62DA00B9C3FB /* AppDelegate.swift */,
				9BD225A6223F62DA00B9C3FB /* ViewController.swift */,
				9BD225A8223F62DA00B9C3FB /* Main.storyboard */,
				9BD225AE223F62DD00B9C3FB /* Assets.xcassets */,
				9BD225B0223F62DD00B9C3FB /* LaunchScreen.storyboard */,
				9BD225B3223F62DD00B9C3FB /* Info.plist */,
				9BD225AB223F62DA00B9C3FB /* MeShuffleCard.xcdatamodeld */,
				9BD225B9223F76B900B9C3FB /* Card.swift */,
				9BD225BB223F772900B9C3FB /* Concentration.swift */,
			);
			path = MeShuffleCard;
			sourceTree = "<group>";
		};
/* End PBXGroup section */

/* Begin PBXNativeTarget section */
		9BD225A0223F62DA00B9C3FB /* MeShuffleCard */ = {
			isa = PBXNativeTarget;
			buildConfigurationList = 9BD225B6223F62DD00B9C3FB /* Build configuration list for PBXNativeTarget "MeShuffleCard" */;
			buildPhases = (
				9BD2259D223F62DA00B9C3FB /* Sources */,
				9BD2259E223F62DA00B9C3FB /* Frameworks */,
				9BD2259F223F62DA00B9C3FB /* Resources */,
			);
			buildRules = (
			);
			dependencies = (
			);
			name = MeShuffleCard;
			productName = MeShuffleCard;
			productReference = 9BD225A1223F62DA00B9C3FB /* MeShuffleCard.app */;
			productType = "com.apple.product-type.application";
		};
/* End PBXNativeTarget section */

/* Begin PBXProject section */
		9BD22599223F62DA00B9C3FB /* Project object */ = {
			isa = PBXProject;
			attributes = {
				LastSwiftUpdateCheck = 1010;
				LastUpgradeCheck = 1010;
				ORGANIZATIONNAME = boppo;
				TargetAttributes = {
					9BD225A0223F62DA00B9C3FB = {
						CreatedOnToolsVersion = 10.1;
					};
				};
			};
			buildConfigurationList = 9BD2259C223F62DA00B9C3FB /* Build configuration list for PBXProject "MeShuffleCard" */;
			compatibilityVersion = "Xcode 9.3";
			developmentRegion = en;
			hasScannedForEncodings = 0;
			knownRegions = (
				en,
				Base,
			);
			mainGroup = 9BD22598223F62DA00B9C3FB;
			productRefGroup = 9BD225A2223F62DA00B9C3FB /* Products */;
			projectDirPath = "";
			projectRoot = "";
			targets = (
				9BD225A0223F62DA00B9C3FB /* MeShuffleCard */,
			);
		};
/* End PBXProject section */

/* Begin PBXResourcesBuildPhase section */
		9BD2259F223F62DA00B9C3FB /* Resources */ = {
			isa = PBXResourcesBuildPhase;
			buildActionMask = 2147483647;
			files = (
				9BD225B2223F62DD00B9C3FB /* LaunchScreen.storyboard in Resources */,
				9BD225AF223F62DD00B9C3FB /* Assets.xcassets in Resources */,
				9BD225AA223F62DA00B9C3FB /* Main.storyboard in Resources */,
			);
			runOnlyForDeploymentPostprocessing = 0;
		};
/* End PBXResourcesBuildPhase section */

/* Begin PBXSourcesBuildPhase section */
		9BD2259D223F62DA00B9C3FB /* Sources */ = {
			isa = PBXSourcesBuildPhase;
			buildActionMask = 2147483647;
			files = (
				9BD225AD223F62DA00B9C3FB /* MeShuffleCard.xcdatamodeld in Sources */,
				9BD225BC223F772900B9C3FB /* Concentration.swift in Sources */,
				9BD225A7223F62DA00B9C3FB /* ViewController.swift in Sources */,
				9BD225A5223F62DA00B9C3FB /* AppDelegate.swift in Sources */,
				9BD225BA223F76B900B9C3FB /* Card.swift in Sources */,
			);
			runOnlyForDeploymentPostprocessing = 0;
		};
/* End PBXSourcesBuildPhase section */

/* Begin PBXVariantGroup section */
		9BD225A8223F62DA00B9C3FB /* Main.storyboard */ = {
			isa = PBXVariantGroup;
			children = (
				9BD225A9223F62DA00B9C3FB /* Base */,
			);
			name = Main.storyboard;
			sourceTree = "<group>";
		};
		9BD225B0223F62DD00B9C3FB /* LaunchScreen.storyboard */ = {
			isa = PBXVariantGroup;
			children = (
				9BD225B1223F62DD00B9C3FB /* Base */,
			);
			name = LaunchScreen.storyboard;
			sourceTree = "<group>";
		};
/* End PBXVariantGroup section */

/* Begin XCBuildConfiguration section */
		9BD225B4223F62DD00B9C3FB /* Debug */ = {
			isa = XCBuildConfiguration;
			buildSettings = {
				ALWAYS_SEARCH_USER_PATHS = NO;
				CLANG_ANALYZER_NONNULL = YES;
				CLANG_ANALYZER_NUMBER_OBJECT_CONVERSION = YES_AGGRESSIVE;
				CLANG_CXX_LANGUAGE_STANDARD = "gnu++14";
				CLANG_CXX_LIBRARY = "libc++";
				CLANG_ENABLE_MODULES = YES;
				CLANG_ENABLE_OBJC_ARC = YES;
				CLANG_ENABLE_OBJC_WEAK = YES;
				CLANG_WARN_BLOCK_CAPTURE_AUTORELEASING = YES;
				CLANG_WARN_BOOL_CONVERSION = YES;
				CLANG_WARN_COMMA = YES;
				CLANG_WARN_CONSTANT_CONVERSION = YES;
				CLANG_WARN_DEPRECATED_OBJC_IMPLEMENTATIONS = YES;
				CLANG_WARN_DIRECT_OBJC_ISA_USAGE = YES_ERROR;
				CLANG_WARN_DOCUMENTATION_COMMENTS = YES;
				CLANG_WARN_EMPTY_BODY = YES;
				CLANG_WARN_ENUM_CONVERSION = YES;
				CLANG_WARN_INFINITE_RECURSION = YES;
				CLANG_WARN_INT_CONVERSION = YES;
				CLANG_WARN_NON_LITERAL_NULL_CONVERSION = YES;
				CLANG_WARN_OBJC_IMPLICIT_RETAIN_SELF = YES;
				CLANG_WARN_OBJC_LITERAL_CONVERSION = YES;
				CLANG_WARN_OBJC_ROOT_CLASS = YES_ERROR;
				CLANG_WARN_RANGE_LOOP_ANALYSIS = YES;
				CLANG_WARN_STRICT_PROTOTYPES = YES;
				CLANG_WARN_SUSPICIOUS_MOVE = YES;
				CLANG_WARN_UNGUARDED_AVAILABILITY = YES_AGGRESSIVE;
				CLANG_WARN_UNREACHABLE_CODE = YES;
				CLANG_WARN__DUPLICATE_METHOD_MATCH = YES;
				CODE_SIGN_IDENTITY = "iPhone Developer";
				COPY_PHASE_STRIP = NO;
				DEBUG_INFORMATION_FORMAT = dwarf;
				ENABLE_STRICT_OBJC_MSGSEND = YES;
				ENABLE_TESTABILITY = YES;
				GCC_C_LANGUAGE_STANDARD = gnu11;
				GCC_DYNAMIC_NO_PIC = NO;
				GCC_NO_COMMON_BLOCKS = YES;
				GCC_OPTIMIZATION_LEVEL = 0;
				GCC_PREPROCESSOR_DEFINITIONS = (
					"DEBUG=1",
					"$(inherited)",
				);
				GCC_WARN_64_TO_32_BIT_CONVERSION = YES;
				GCC_WARN_ABOUT_RETURN_TYPE = YES_ERROR;
				GCC_WARN_UNDECLARED_SELECTOR = YES;
				GCC_WARN_UNINITIALIZED_AUTOS = YES_AGGRESSIVE;
				GCC_WARN_UNUSED_FUNCTION = YES;
				GCC_WARN_UNUSED_VARIABLE = YES;
				IPHONEOS_DEPLOYMENT_TARGET = 12.1;
				MTL_ENABLE_DEBUG_INFO = INCLUDE_SOURCE;
				MTL_FAST_MATH = YES;
				ONLY_ACTIVE_ARCH = YES;
				SDKROOT = iphoneos;
				SWIFT_ACTIVE_COMPILATION_CONDITIONS = DEBUG;
				SWIFT_OPTIMIZATION_LEVEL = "-Onone";
			};
			name = Debug;
		};
		9BD225B5223F62DD00B9C3FB /* Release */ = {
			isa = XCBuildConfiguration;
			buildSettings = {
				ALWAYS_SEARCH_USER_PATHS = NO;
				CLANG_ANALYZER_NONNULL = YES;
				CLANG_ANALYZER_NUMBER_OBJECT_CONVERSION = YES_AGGRESSIVE;
				CLANG_CXX_LANGUAGE_STANDARD = "gnu++14";
				CLANG_CXX_LIBRARY = "libc++";
				CLANG_ENABLE_MODULES = YES;
				CLANG_ENABLE_OBJC_ARC = YES;
				CLANG_ENABLE_OBJC_WEAK = YES;
				CLANG_WARN_BLOCK_CAPTURE_AUTORELEASING = YES;
				CLANG_WARN_BOOL_CONVERSION = YES;
				CLANG_WARN_COMMA = YES;
				CLANG_WARN_CONSTANT_CONVERSION = YES;
				CLANG_WARN_DEPRECATED_OBJC_IMPLEMENTATIONS = YES;
				CLANG_WARN_DIRECT_OBJC_ISA_USAGE = YES_ERROR;
				CLANG_WARN_DOCUMENTATION_COMMENTS = YES;
				CLANG_WARN_EMPTY_BODY = YES;
				CLANG_WARN_ENUM_CONVERSION = YES;
				CLANG_WARN_INFINITE_RECURSION = YES;
				CLANG_WARN_INT_CONVERSION = YES;
				CLANG_WARN_NON_LITERAL_NULL_CONVERSION = YES;
				CLANG_WARN_OBJC_IMPLICIT_RETAIN_SELF = YES;
				CLANG_WARN_OBJC_LITERAL_CONVERSION = YES;
				CLANG_WARN_OBJC_ROOT_CLASS = YES_ERROR;
				CLANG_WARN_RANGE_LOOP_ANALYSIS = YES;
				CLANG_WARN_STRICT_PROTOTYPES = YES;
				CLANG_WARN_SUSPICIOUS_MOVE = YES;
				CLANG_WARN_UNGUARDED_AVAILABILITY = YES_AGGRESSIVE;
				CLANG_WARN_UNREACHABLE_CODE = YES;
				CLANG_WARN__DUPLICATE_METHOD_MATCH = YES;
				CODE_SIGN_IDENTITY = "iPhone Developer";
				COPY_PHASE_STRIP = NO;
				DEBUG_INFORMATION_FORMAT = "dwarf-with-dsym";
				ENABLE_NS_ASSERTIONS = NO;
				ENABLE_STRICT_OBJC_MSGSEND = YES;
				GCC_C_LANGUAGE_STANDARD = gnu11;
				GCC_NO_COMMON_BLOCKS = YES;
				GCC_WARN_64_TO_32_BIT_CONVERSION = YES;
				GCC_WARN_ABOUT_RETURN_TYPE = YES_ERROR;
				GCC_WARN_UNDECLARED_SELECTOR = YES;
				GCC_WARN_UNINITIALIZED_AUTOS = YES_AGGRESSIVE;
				GCC_WARN_UNUSED_FUNCTION = YES;
				GCC_WARN_UNUSED_VARIABLE = YES;
				IPHONEOS_DEPLOYMENT_TARGET = 12.1;
				MTL_ENABLE_DEBUG_INFO = NO;
				MTL_FAST_MATH = YES;
				SDKROOT = iphoneos;
				SWIFT_COMPILATION_MODE = wholemodule;
				SWIFT_OPTIMIZATION_LEVEL = "-O";
				VALIDATE_PRODUCT = YES;
			};
			name = Release;
		};
		9BD225B7223F62DD00B9C3FB /* Debug */ = {
			isa = XCBuildConfiguration;
			buildSettings = {
				ASSETCATALOG_COMPILER_APPICON_NAME = AppIcon;
				CODE_SIGN_STYLE = Automatic;
				DEVELOPMENT_TEAM = 46VFTMYGW3;
				INFOPLIST_FILE = MeShuffleCard/Info.plist;
				LD_RUNPATH_SEARCH_PATHS = (
					"$(inherited)",
					"@executable_path/Frameworks",
				);
				PRODUCT_BUNDLE_IDENTIFIER = com.boppo.MeShuffleCard;
				PRODUCT_NAME = "$(TARGET_NAME)";
				SWIFT_VERSION = 4.2;
				TARGETED_DEVICE_FAMILY = "1,2";
			};
			name = Debug;
		};
		9BD225B8223F62DD00B9C3FB /* Release */ = {
			isa = XCBuildConfiguration;
			buildSettings = {
				ASSETCATALOG_COMPILER_APPICON_NAME = AppIcon;
				CODE_SIGN_STYLE = Automatic;
				DEVELOPMENT_TEAM = 46VFTMYGW3;
				INFOPLIST_FILE = MeShuffleCard/Info.plist;
				LD_RUNPATH_SEARCH_PATHS = (
					"$(inherited)",
					"@executable_path/Frameworks",
				);
				PRODUCT_BUNDLE_IDENTIFIER = com.boppo.MeShuffleCard;
				PRODUCT_NAME = "$(TARGET_NAME)";
				SWIFT_VERSION = 4.2;
				TARGETED_DEVICE_FAMILY = "1,2";
			};
			name = Release;
		};
/* End XCBuildConfiguration section */

/* Begin XCConfigurationList section */
		9BD2259C223F62DA00B9C3FB /* Build configuration list for PBXProject "MeShuffleCard" */ = {
			isa = XCConfigurationList;
			buildConfigurations = (
				9BD225B4223F62DD00B9C3FB /* Debug */,
				9BD225B5223F62DD00B9C3FB /* Release */,
			);
			defaultConfigurationIsVisible = 0;
			defaultConfigurationName = Release;
		};
		9BD225B6223F62DD00B9C3FB /* Build configuration list for PBXNativeTarget "MeShuffleCard" */ = {
			isa = XCConfigurationList;
			buildConfigurations = (
				9BD225B7223F62DD00B9C3FB /* Debug */,
				9BD225B8223F62DD00B9C3FB /* Release */,
			);
			defaultConfigurationIsVisible = 0;
			defaultConfigurationName = Release;
		};
/* End XCConfigurationList section */

/* Begin XCVersionGroup section */
		9BD225AB223F62DA00B9C3FB /* MeShuffleCard.xcdatamodeld */ = {
			isa = XCVersionGroup;
			children = (
				9BD225AC223F62DA00B9C3FB /* MeShuffleCard.xcdatamodel */,
			);
			currentVersion = 9BD225AC223F62DA00B9C3FB /* MeShuffleCard.xcdatamodel */;
			path = MeShuffleCard.xcdatamodeld;
			sourceTree = "<group>";
			versionGroupType = wrapper.xcdatamodel;
		};
/* End XCVersionGroup section */
	};
	rootObject = 9BD22599223F62DA00B9C3FB /* Project object */;
}
